// !$*UTF8*$!
{
	archiveVersion = 1;
	classes = {
	};
	objectVersion = 54;
	objects = {

/* Begin PBXBuildFile section */
		1E151BB3267FC78E0004E9E3 /* SidebarController.swift in Sources */ = {isa = PBXBuildFile; fileRef = 1E151BB2267FC78E0004E9E3 /* SidebarController.swift */; };
		1E2A6183268264EB00619A31 /* Main.storyboard in Resources */ = {isa = PBXBuildFile; fileRef = 1E6C491C267B851B001048CF /* Main.storyboard */; };
		1E2A618E2682675E00619A31 /* VideoTableViewCell.swift in Sources */ = {isa = PBXBuildFile; fileRef = 1E2A618C2682675E00619A31 /* VideoTableViewCell.swift */; };
		1E2A618F2682675E00619A31 /* VideoViewController.swift in Sources */ = {isa = PBXBuildFile; fileRef = 1E2A618D2682675E00619A31 /* VideoViewController.swift */; };
		1E2A61912682677300619A31 /* YouTubeViewController.swift in Sources */ = {isa = PBXBuildFile; fileRef = 1E2A61902682677300619A31 /* YouTubeViewController.swift */; };
		1E2F5766267BE9D600C78FFC /* Localizable.strings in Resources */ = {isa = PBXBuildFile; fileRef = 1E2F5768267BE9D600C78FFC /* Localizable.strings */; };
		1E378629267CA350003A0F73 /* LicensesViewController.swift in Sources */ = {isa = PBXBuildFile; fileRef = 1E378628267CA350003A0F73 /* LicensesViewController.swift */; };
		1E4CB20D268CC77900015282 /* TOtL_iOS_UITest.swift in Sources */ = {isa = PBXBuildFile; fileRef = 1E4CB20C268CC77900015282 /* TOtL_iOS_UITest.swift */; };
		1E4CB21A268CC79300015282 /* TOtL_macOS_UITest.swift in Sources */ = {isa = PBXBuildFile; fileRef = 1E4CB219268CC79300015282 /* TOtL_macOS_UITest.swift */; };
		1E4CB227268CDC2300015282 /* TOtL_macOS_test.swift in Sources */ = {isa = PBXBuildFile; fileRef = 1E4CB226268CDC2300015282 /* TOtL_macOS_test.swift */; };
		1E4CB234268CDC6D00015282 /* TOtL_iOS_test.swift in Sources */ = {isa = PBXBuildFile; fileRef = 1E4CB233268CDC6D00015282 /* TOtL_iOS_test.swift */; };
		1E6762782681F2B800995D6C /* MasterViewController.swift in Sources */ = {isa = PBXBuildFile; fileRef = 1E6762772681F2B800995D6C /* MasterViewController.swift */; };
		1E67627A2681F42E00995D6C /* SplitViewController.swift in Sources */ = {isa = PBXBuildFile; fileRef = 1E6762792681F42E00995D6C /* SplitViewController.swift */; };
		1E6C4913267B83C3001048CF /* forest.mov in Resources */ = {isa = PBXBuildFile; fileRef = 1E6C4907267B83C2001048CF /* forest.mov */; };
		1E6C4914267B83C3001048CF /* GalleryController.swift in Sources */ = {isa = PBXBuildFile; fileRef = 1E6C4908267B83C2001048CF /* GalleryController.swift */; };
		1E6C4915267B83C3001048CF /* NewsTableViewCell.swift in Sources */ = {isa = PBXBuildFile; fileRef = 1E6C4909267B83C2001048CF /* NewsTableViewCell.swift */; };
		1E6C4916267B83C3001048CF /* NewsTableViewController.swift in Sources */ = {isa = PBXBuildFile; fileRef = 1E6C490A267B83C2001048CF /* NewsTableViewController.swift */; };
		1E6C4917267B83C3001048CF /* AboutController.swift in Sources */ = {isa = PBXBuildFile; fileRef = 1E6C490B267B83C2001048CF /* AboutController.swift */; };
		1E6C4918267B83C3001048CF /* EnableViewController.swift in Sources */ = {isa = PBXBuildFile; fileRef = 1E6C490C267B83C2001048CF /* EnableViewController.swift */; };
		1E6C4919267B83C3001048CF /* FeedParser.swift in Sources */ = {isa = PBXBuildFile; fileRef = 1E6C490D267B83C2001048CF /* FeedParser.swift */; };
		1E6C491A267B83C3001048CF /* ViewController.swift in Sources */ = {isa = PBXBuildFile; fileRef = 1E6C490E267B83C2001048CF /* ViewController.swift */; };
		1E6C491B267B83C3001048CF /* WelcomeViewController.swift in Sources */ = {isa = PBXBuildFile; fileRef = 1E6C490F267B83C3001048CF /* WelcomeViewController.swift */; };
		1E70C9FB26726F380064A939 /* AppDelegate.swift in Sources */ = {isa = PBXBuildFile; fileRef = 1E70C9FA26726F380064A939 /* AppDelegate.swift */; };
		1E70C9FD26726F380064A939 /* SceneDelegate.swift in Sources */ = {isa = PBXBuildFile; fileRef = 1E70C9FC26726F380064A939 /* SceneDelegate.swift */; };
		1E70CA0026726F380064A939 /* LaunchScreen.storyboard in Resources */ = {isa = PBXBuildFile; fileRef = 1E70C9FE26726F380064A939 /* LaunchScreen.storyboard */; };
		1E70CA0C26726F380064A939 /* AppDelegate.swift in Sources */ = {isa = PBXBuildFile; fileRef = 1E70CA0B26726F380064A939 /* AppDelegate.swift */; };
		1E70CA1726726F380064A939 /* Turn Off the Lights for Safari Extension.appex in Embed App Extensions */ = {isa = PBXBuildFile; fileRef = 1E70CA1626726F380064A939 /* Turn Off the Lights for Safari Extension.appex */; settings = {ATTRIBUTES = (RemoveHeadersOnCopy, ); }; };
		1E70CA2126726F380064A939 /* Turn Off the Lights for Safari Extension.appex in Embed App Extensions */ = {isa = PBXBuildFile; fileRef = 1E70CA2026726F380064A939 /* Turn Off the Lights for Safari Extension.appex */; settings = {ATTRIBUTES = (RemoveHeadersOnCopy, ); }; };
		1E70CA3026726F380064A939 /* Assets.xcassets in Resources */ = {isa = PBXBuildFile; fileRef = 1E70C9F026726F380064A939 /* Assets.xcassets */; };
		1E70CA3126726F380064A939 /* Assets.xcassets in Resources */ = {isa = PBXBuildFile; fileRef = 1E70C9F026726F380064A939 /* Assets.xcassets */; };
		1E70CA3226726F380064A939 /* SafariWebExtensionHandler.swift in Sources */ = {isa = PBXBuildFile; fileRef = 1E70C9F226726F380064A939 /* SafariWebExtensionHandler.swift */; };
		1E70CA3326726F380064A939 /* SafariWebExtensionHandler.swift in Sources */ = {isa = PBXBuildFile; fileRef = 1E70C9F226726F380064A939 /* SafariWebExtensionHandler.swift */; };
		1E70CA5426726F380064A939 /* LICENSE in Resources */ = {isa = PBXBuildFile; fileRef = 1E70CA4526726F380064A939 /* LICENSE */; };
		1E70CA5526726F380064A939 /* css in Resources */ = {isa = PBXBuildFile; fileRef = 1E70CA4626726F380064A939 /* css */; };
		1E70CA5626726F380064A939 /* images in Resources */ = {isa = PBXBuildFile; fileRef = 1E70CA4726726F380064A939 /* images */; };
		1E70CA5726726F380064A939 /* js in Resources */ = {isa = PBXBuildFile; fileRef = 1E70CA4826726F380064A939 /* js */; };
		1E70CA5826726F380064A939 /* popup.html in Resources */ = {isa = PBXBuildFile; fileRef = 1E70CA4926726F380064A939 /* popup.html */; };
		1E70CA5926726F380064A939 /* palette.html in Resources */ = {isa = PBXBuildFile; fileRef = 1E70CA4A26726F380064A939 /* palette.html */; };
		1E70CA5A26726F380064A939 /* speech.html in Resources */ = {isa = PBXBuildFile; fileRef = 1E70CA4B26726F380064A939 /* speech.html */; };
		1E70CA5B26726F380064A939 /* README.md in Resources */ = {isa = PBXBuildFile; fileRef = 1E70CA4C26726F380064A939 /* README.md */; };
		1E70CA5C26726F380064A939 /* icons in Resources */ = {isa = PBXBuildFile; fileRef = 1E70CA4D26726F380064A939 /* icons */; };
		1E70CA5D26726F380064A939 /* manifest.json in Resources */ = {isa = PBXBuildFile; fileRef = 1E70CA4E26726F380064A939 /* manifest.json */; };
		1E70CA5E26726F380064A939 /* schema.json in Resources */ = {isa = PBXBuildFile; fileRef = 1E70CA4F26726F380064A939 /* schema.json */; };
		1E70CA5F26726F380064A939 /* options.html in Resources */ = {isa = PBXBuildFile; fileRef = 1E70CA5026726F380064A939 /* options.html */; };
		1E70CA6026726F380064A939 /* background.html in Resources */ = {isa = PBXBuildFile; fileRef = 1E70CA5126726F380064A939 /* background.html */; };
		1E70CA6126726F380064A939 /* _locales in Resources */ = {isa = PBXBuildFile; fileRef = 1E70CA5226726F380064A939 /* _locales */; };
		1E70CA6226726F380064A939 /* motion.html in Resources */ = {isa = PBXBuildFile; fileRef = 1E70CA5326726F380064A939 /* motion.html */; };
		1E70CA6326726F380064A939 /* LICENSE in Resources */ = {isa = PBXBuildFile; fileRef = 1E70CA4526726F380064A939 /* LICENSE */; };
		1E70CA6426726F380064A939 /* css in Resources */ = {isa = PBXBuildFile; fileRef = 1E70CA4626726F380064A939 /* css */; };
		1E70CA6526726F380064A939 /* images in Resources */ = {isa = PBXBuildFile; fileRef = 1E70CA4726726F380064A939 /* images */; };
		1E70CA6626726F380064A939 /* js in Resources */ = {isa = PBXBuildFile; fileRef = 1E70CA4826726F380064A939 /* js */; };
		1E70CA6726726F380064A939 /* popup.html in Resources */ = {isa = PBXBuildFile; fileRef = 1E70CA4926726F380064A939 /* popup.html */; };
		1E70CA6826726F380064A939 /* palette.html in Resources */ = {isa = PBXBuildFile; fileRef = 1E70CA4A26726F380064A939 /* palette.html */; };
		1E70CA6926726F380064A939 /* speech.html in Resources */ = {isa = PBXBuildFile; fileRef = 1E70CA4B26726F380064A939 /* speech.html */; };
		1E70CA6A26726F380064A939 /* README.md in Resources */ = {isa = PBXBuildFile; fileRef = 1E70CA4C26726F380064A939 /* README.md */; };
		1E70CA6B26726F380064A939 /* icons in Resources */ = {isa = PBXBuildFile; fileRef = 1E70CA4D26726F380064A939 /* icons */; };
		1E70CA6C26726F380064A939 /* manifest.json in Resources */ = {isa = PBXBuildFile; fileRef = 1E70CA4E26726F380064A939 /* manifest.json */; };
		1E70CA6D26726F380064A939 /* schema.json in Resources */ = {isa = PBXBuildFile; fileRef = 1E70CA4F26726F380064A939 /* schema.json */; };
		1E70CA6E26726F380064A939 /* options.html in Resources */ = {isa = PBXBuildFile; fileRef = 1E70CA5026726F380064A939 /* options.html */; };
		1E70CA6F26726F380064A939 /* background.html in Resources */ = {isa = PBXBuildFile; fileRef = 1E70CA5126726F380064A939 /* background.html */; };
		1E70CA7026726F380064A939 /* _locales in Resources */ = {isa = PBXBuildFile; fileRef = 1E70CA5226726F380064A939 /* _locales */; };
		1E70CA7126726F380064A939 /* motion.html in Resources */ = {isa = PBXBuildFile; fileRef = 1E70CA5326726F380064A939 /* motion.html */; };
		1E7D1A182672848500FECE52 /* Main.storyboard in Resources */ = {isa = PBXBuildFile; fileRef = 1E7D1A17267283A700FECE52 /* Main.storyboard */; };
		1E7D1A192672850D00FECE52 /* ViewController.swift in Sources */ = {isa = PBXBuildFile; fileRef = 1E7D1A16267283A700FECE52 /* ViewController.swift */; };
		1E7D1A1A26728E0500FECE52 /* DaringInfantileDachshund.mp4 in Resources */ = {isa = PBXBuildFile; fileRef = 1E7D1A15267283A600FECE52 /* DaringInfantileDachshund.mp4 */; };
		1E8F88FD269E194F00030DDB /* NetworkViewController.swift in Sources */ = {isa = PBXBuildFile; fileRef = 1E8F88FC269E194F00030DDB /* NetworkViewController.swift */; };
		1EC4AC1A26851FC0005FCF33 /* CommonClasses.swift in Sources */ = {isa = PBXBuildFile; fileRef = 1EC4AC1826851FC0005FCF33 /* CommonClasses.swift */; };
		1EC4AC1B26851FC0005FCF33 /* SimpleTableViewController.swift in Sources */ = {isa = PBXBuildFile; fileRef = 1EC4AC1926851FC0005FCF33 /* SimpleTableViewController.swift */; };
/* End PBXBuildFile section */

/* Begin PBXContainerItemProxy section */
		1E4CB20E268CC77900015282 /* PBXContainerItemProxy */ = {
			isa = PBXContainerItemProxy;
			containerPortal = 1E70C9E426726F350064A939 /* Project object */;
			proxyType = 1;
			remoteGlobalIDString = 1E70C9F626726F380064A939;
			remoteInfo = "Turn Off the Lights for Safari (iOS)";
		};
		1E4CB21B268CC79300015282 /* PBXContainerItemProxy */ = {
			isa = PBXContainerItemProxy;
			containerPortal = 1E70C9E426726F350064A939 /* Project object */;
			proxyType = 1;
			remoteGlobalIDString = 1E70CA0826726F380064A939;
			remoteInfo = "Turn Off the Lights for Safari (macOS)";
		};
		1E4CB228268CDC2300015282 /* PBXContainerItemProxy */ = {
			isa = PBXContainerItemProxy;
			containerPortal = 1E70C9E426726F350064A939 /* Project object */;
			proxyType = 1;
			remoteGlobalIDString = 1E70CA0826726F380064A939;
			remoteInfo = "Turn Off the Lights for Safari (macOS)";
		};
		1E4CB235268CDC6D00015282 /* PBXContainerItemProxy */ = {
			isa = PBXContainerItemProxy;
			containerPortal = 1E70C9E426726F350064A939 /* Project object */;
			proxyType = 1;
			remoteGlobalIDString = 1E70C9F626726F380064A939;
			remoteInfo = "Turn Off the Lights for Safari (iOS)";
		};
		1E70CA1826726F380064A939 /* PBXContainerItemProxy */ = {
			isa = PBXContainerItemProxy;
			containerPortal = 1E70C9E426726F350064A939 /* Project object */;
			proxyType = 1;
			remoteGlobalIDString = 1E70CA1526726F380064A939;
			remoteInfo = "Turn Off the Lights for Safari Extension (iOS)";
		};
		1E70CA2226726F380064A939 /* PBXContainerItemProxy */ = {
			isa = PBXContainerItemProxy;
			containerPortal = 1E70C9E426726F350064A939 /* Project object */;
			proxyType = 1;
			remoteGlobalIDString = 1E70CA1F26726F380064A939;
			remoteInfo = "Turn Off the Lights for Safari Extension (macOS)";
		};
/* End PBXContainerItemProxy section */

/* Begin PBXCopyFilesBuildPhase section */
		1E70CA3926726F380064A939 /* Embed App Extensions */ = {
			isa = PBXCopyFilesBuildPhase;
			buildActionMask = 12;
			dstPath = "";
			dstSubfolderSpec = 13;
			files = (
				1E70CA1726726F380064A939 /* Turn Off the Lights for Safari Extension.appex in Embed App Extensions */,
			);
			name = "Embed App Extensions";
			runOnlyForDeploymentPostprocessing = 0;
		};
		1E70CA4026726F380064A939 /* Embed App Extensions */ = {
			isa = PBXCopyFilesBuildPhase;
			buildActionMask = 12;
			dstPath = "";
			dstSubfolderSpec = 13;
			files = (
				1E70CA2126726F380064A939 /* Turn Off the Lights for Safari Extension.appex in Embed App Extensions */,
			);
			name = "Embed App Extensions";
			runOnlyForDeploymentPostprocessing = 0;
		};
/* End PBXCopyFilesBuildPhase section */

/* Begin PBXFileReference section */
		1E151BB2267FC78E0004E9E3 /* SidebarController.swift */ = {isa = PBXFileReference; fileEncoding = 4; lastKnownFileType = sourcecode.swift; path = SidebarController.swift; sourceTree = "<group>"; };
		1E2A618C2682675E00619A31 /* VideoTableViewCell.swift */ = {isa = PBXFileReference; fileEncoding = 4; lastKnownFileType = sourcecode.swift; path = VideoTableViewCell.swift; sourceTree = "<group>"; };
		1E2A618D2682675E00619A31 /* VideoViewController.swift */ = {isa = PBXFileReference; fileEncoding = 4; lastKnownFileType = sourcecode.swift; path = VideoViewController.swift; sourceTree = "<group>"; };
		1E2A61902682677300619A31 /* YouTubeViewController.swift */ = {isa = PBXFileReference; fileEncoding = 4; lastKnownFileType = sourcecode.swift; path = YouTubeViewController.swift; sourceTree = "<group>"; };
		1E2F5767267BE9D600C78FFC /* en */ = {isa = PBXFileReference; lastKnownFileType = text.plist.strings; name = en; path = en.lproj/Localizable.strings; sourceTree = "<group>"; };
		1E378628267CA350003A0F73 /* LicensesViewController.swift */ = {isa = PBXFileReference; lastKnownFileType = sourcecode.swift; path = LicensesViewController.swift; sourceTree = "<group>"; };
		1E4CB20A268CC77900015282 /* TOtL-iOS-UITest.xctest */ = {isa = PBXFileReference; explicitFileType = wrapper.cfbundle; includeInIndex = 0; path = "TOtL-iOS-UITest.xctest"; sourceTree = BUILT_PRODUCTS_DIR; };
		1E4CB20C268CC77900015282 /* TOtL_iOS_UITest.swift */ = {isa = PBXFileReference; lastKnownFileType = sourcecode.swift; path = TOtL_iOS_UITest.swift; sourceTree = "<group>"; };
		1E4CB217268CC79300015282 /* TOtL-macOS-UITest.xctest */ = {isa = PBXFileReference; explicitFileType = wrapper.cfbundle; includeInIndex = 0; path = "TOtL-macOS-UITest.xctest"; sourceTree = BUILT_PRODUCTS_DIR; };
		1E4CB219268CC79300015282 /* TOtL_macOS_UITest.swift */ = {isa = PBXFileReference; lastKnownFileType = sourcecode.swift; path = TOtL_macOS_UITest.swift; sourceTree = "<group>"; };
		1E4CB224268CDC2300015282 /* TOtL-macOS-test.xctest */ = {isa = PBXFileReference; explicitFileType = wrapper.cfbundle; includeInIndex = 0; path = "TOtL-macOS-test.xctest"; sourceTree = BUILT_PRODUCTS_DIR; };
		1E4CB226268CDC2300015282 /* TOtL_macOS_test.swift */ = {isa = PBXFileReference; lastKnownFileType = sourcecode.swift; path = TOtL_macOS_test.swift; sourceTree = "<group>"; };
		1E4CB231268CDC6D00015282 /* TOtL-iOS-test.xctest */ = {isa = PBXFileReference; explicitFileType = wrapper.cfbundle; includeInIndex = 0; path = "TOtL-iOS-test.xctest"; sourceTree = BUILT_PRODUCTS_DIR; };
		1E4CB233268CDC6D00015282 /* TOtL_iOS_test.swift */ = {isa = PBXFileReference; lastKnownFileType = sourcecode.swift; path = TOtL_iOS_test.swift; sourceTree = "<group>"; };
		1E6762772681F2B800995D6C /* MasterViewController.swift */ = {isa = PBXFileReference; lastKnownFileType = sourcecode.swift; path = MasterViewController.swift; sourceTree = "<group>"; };
		1E6762792681F42E00995D6C /* SplitViewController.swift */ = {isa = PBXFileReference; lastKnownFileType = sourcecode.swift; path = SplitViewController.swift; sourceTree = "<group>"; };
		1E6C4907267B83C2001048CF /* forest.mov */ = {isa = PBXFileReference; lastKnownFileType = video.quicktime; path = forest.mov; sourceTree = "<group>"; };
		1E6C4908267B83C2001048CF /* GalleryController.swift */ = {isa = PBXFileReference; fileEncoding = 4; lastKnownFileType = sourcecode.swift; path = GalleryController.swift; sourceTree = "<group>"; };
		1E6C4909267B83C2001048CF /* NewsTableViewCell.swift */ = {isa = PBXFileReference; fileEncoding = 4; lastKnownFileType = sourcecode.swift; path = NewsTableViewCell.swift; sourceTree = "<group>"; };
		1E6C490A267B83C2001048CF /* NewsTableViewController.swift */ = {isa = PBXFileReference; fileEncoding = 4; lastKnownFileType = sourcecode.swift; path = NewsTableViewController.swift; sourceTree = "<group>"; };
		1E6C490B267B83C2001048CF /* AboutController.swift */ = {isa = PBXFileReference; fileEncoding = 4; lastKnownFileType = sourcecode.swift; path = AboutController.swift; sourceTree = "<group>"; };
		1E6C490C267B83C2001048CF /* EnableViewController.swift */ = {isa = PBXFileReference; fileEncoding = 4; lastKnownFileType = sourcecode.swift; path = EnableViewController.swift; sourceTree = "<group>"; };
		1E6C490D267B83C2001048CF /* FeedParser.swift */ = {isa = PBXFileReference; fileEncoding = 4; lastKnownFileType = sourcecode.swift; path = FeedParser.swift; sourceTree = "<group>"; };
		1E6C490E267B83C2001048CF /* ViewController.swift */ = {isa = PBXFileReference; fileEncoding = 4; lastKnownFileType = sourcecode.swift; path = ViewController.swift; sourceTree = "<group>"; };
		1E6C490F267B83C3001048CF /* WelcomeViewController.swift */ = {isa = PBXFileReference; fileEncoding = 4; lastKnownFileType = sourcecode.swift; path = WelcomeViewController.swift; sourceTree = "<group>"; };
		1E6C491C267B851B001048CF /* Main.storyboard */ = {isa = PBXFileReference; fileEncoding = 4; lastKnownFileType = file.storyboard; path = Main.storyboard; sourceTree = "<group>"; };
		1E70C9F026726F380064A939 /* Assets.xcassets */ = {isa = PBXFileReference; lastKnownFileType = folder.assetcatalog; path = Assets.xcassets; sourceTree = "<group>"; };
		1E70C9F226726F380064A939 /* SafariWebExtensionHandler.swift */ = {isa = PBXFileReference; lastKnownFileType = sourcecode.swift; path = SafariWebExtensionHandler.swift; sourceTree = "<group>"; };
		1E70C9F726726F380064A939 /* Turn Off the Lights for Safari.app */ = {isa = PBXFileReference; explicitFileType = wrapper.application; includeInIndex = 0; path = "Turn Off the Lights for Safari.app"; sourceTree = BUILT_PRODUCTS_DIR; };
		1E70C9FA26726F380064A939 /* AppDelegate.swift */ = {isa = PBXFileReference; lastKnownFileType = sourcecode.swift; path = AppDelegate.swift; sourceTree = "<group>"; };
		1E70C9FC26726F380064A939 /* SceneDelegate.swift */ = {isa = PBXFileReference; lastKnownFileType = sourcecode.swift; path = SceneDelegate.swift; sourceTree = "<group>"; };
		1E70C9FF26726F380064A939 /* Base */ = {isa = PBXFileReference; lastKnownFileType = file.storyboard; name = Base; path = Base.lproj/LaunchScreen.storyboard; sourceTree = "<group>"; };
		1E70CA0426726F380064A939 /* Info.plist */ = {isa = PBXFileReference; lastKnownFileType = text.plist.xml; path = Info.plist; sourceTree = "<group>"; };
		1E70CA0926726F380064A939 /* Turn Off the Lights for Safari.app */ = {isa = PBXFileReference; explicitFileType = wrapper.application; includeInIndex = 0; path = "Turn Off the Lights for Safari.app"; sourceTree = BUILT_PRODUCTS_DIR; };
		1E70CA0B26726F380064A939 /* AppDelegate.swift */ = {isa = PBXFileReference; lastKnownFileType = sourcecode.swift; path = AppDelegate.swift; sourceTree = "<group>"; };
		1E70CA1026726F380064A939 /* Info.plist */ = {isa = PBXFileReference; lastKnownFileType = text.plist.xml; path = Info.plist; sourceTree = "<group>"; };
		1E70CA1126726F380064A939 /* Turn Off the Lights for Safari.entitlements */ = {isa = PBXFileReference; lastKnownFileType = text.plist.entitlements; path = "Turn Off the Lights for Safari.entitlements"; sourceTree = "<group>"; };
		1E70CA1626726F380064A939 /* Turn Off the Lights for Safari Extension.appex */ = {isa = PBXFileReference; explicitFileType = "wrapper.app-extension"; includeInIndex = 0; path = "Turn Off the Lights for Safari Extension.appex"; sourceTree = BUILT_PRODUCTS_DIR; };
		1E70CA1B26726F380064A939 /* Info.plist */ = {isa = PBXFileReference; lastKnownFileType = text.plist.xml; path = Info.plist; sourceTree = "<group>"; };
		1E70CA2026726F380064A939 /* Turn Off the Lights for Safari Extension.appex */ = {isa = PBXFileReference; explicitFileType = "wrapper.app-extension"; includeInIndex = 0; path = "Turn Off the Lights for Safari Extension.appex"; sourceTree = BUILT_PRODUCTS_DIR; };
		1E70CA2526726F380064A939 /* Info.plist */ = {isa = PBXFileReference; lastKnownFileType = text.plist.xml; path = Info.plist; sourceTree = "<group>"; };
		1E70CA4526726F380064A939 /* LICENSE */ = {isa = PBXFileReference; lastKnownFileType = text; name = LICENSE; path = Resources/LICENSE; sourceTree = "<group>"; };
		1E70CA4626726F380064A939 /* css */ = {isa = PBXFileReference; lastKnownFileType = folder; name = css; path = Resources/css; sourceTree = "<group>"; };
		1E70CA4726726F380064A939 /* images */ = {isa = PBXFileReference; lastKnownFileType = folder; name = images; path = Resources/images; sourceTree = "<group>"; };
		1E70CA4826726F380064A939 /* js */ = {isa = PBXFileReference; lastKnownFileType = folder; name = js; path = Resources/js; sourceTree = "<group>"; };
		1E70CA4926726F380064A939 /* popup.html */ = {isa = PBXFileReference; lastKnownFileType = text.html; name = popup.html; path = Resources/popup.html; sourceTree = "<group>"; };
		1E70CA4A26726F380064A939 /* palette.html */ = {isa = PBXFileReference; lastKnownFileType = text.html; name = palette.html; path = Resources/palette.html; sourceTree = "<group>"; };
		1E70CA4B26726F380064A939 /* speech.html */ = {isa = PBXFileReference; lastKnownFileType = text.html; name = speech.html; path = Resources/speech.html; sourceTree = "<group>"; };
		1E70CA4C26726F380064A939 /* README.md */ = {isa = PBXFileReference; lastKnownFileType = net.daringfireball.markdown; name = README.md; path = Resources/README.md; sourceTree = "<group>"; };
		1E70CA4D26726F380064A939 /* icons */ = {isa = PBXFileReference; lastKnownFileType = folder; name = icons; path = Resources/icons; sourceTree = "<group>"; };
		1E70CA4E26726F380064A939 /* manifest.json */ = {isa = PBXFileReference; lastKnownFileType = text.json; name = manifest.json; path = Resources/manifest.json; sourceTree = "<group>"; };
		1E70CA4F26726F380064A939 /* schema.json */ = {isa = PBXFileReference; lastKnownFileType = text.json; name = schema.json; path = Resources/schema.json; sourceTree = "<group>"; };
		1E70CA5026726F380064A939 /* options.html */ = {isa = PBXFileReference; lastKnownFileType = text.html; name = options.html; path = Resources/options.html; sourceTree = "<group>"; };
		1E70CA5126726F380064A939 /* background.html */ = {isa = PBXFileReference; lastKnownFileType = text.html; name = background.html; path = Resources/background.html; sourceTree = "<group>"; };
		1E70CA5226726F380064A939 /* _locales */ = {isa = PBXFileReference; lastKnownFileType = folder; name = _locales; path = Resources/_locales; sourceTree = "<group>"; };
		1E70CA5326726F380064A939 /* motion.html */ = {isa = PBXFileReference; lastKnownFileType = text.html; name = motion.html; path = Resources/motion.html; sourceTree = "<group>"; };
		1E7D1A14267283A600FECE52 /* Assets.xcassets */ = {isa = PBXFileReference; lastKnownFileType = folder.assetcatalog; path = Assets.xcassets; sourceTree = "<group>"; };
		1E7D1A15267283A600FECE52 /* DaringInfantileDachshund.mp4 */ = {isa = PBXFileReference; lastKnownFileType = file; path = DaringInfantileDachshund.mp4; sourceTree = "<group>"; };
		1E7D1A16267283A700FECE52 /* ViewController.swift */ = {isa = PBXFileReference; lastKnownFileType = sourcecode.swift; path = ViewController.swift; sourceTree = "<group>"; };
		1E7D1A17267283A700FECE52 /* Main.storyboard */ = {isa = PBXFileReference; lastKnownFileType = file.storyboard; path = Main.storyboard; sourceTree = "<group>"; };
		1E8F88FC269E194F00030DDB /* NetworkViewController.swift */ = {isa = PBXFileReference; lastKnownFileType = sourcecode.swift; path = NetworkViewController.swift; sourceTree = "<group>"; };
		1EC4AC1826851FC0005FCF33 /* CommonClasses.swift */ = {isa = PBXFileReference; fileEncoding = 4; lastKnownFileType = sourcecode.swift; path = CommonClasses.swift; sourceTree = "<group>"; };
		1EC4AC1926851FC0005FCF33 /* SimpleTableViewController.swift */ = {isa = PBXFileReference; fileEncoding = 4; lastKnownFileType = sourcecode.swift; path = SimpleTableViewController.swift; sourceTree = "<group>"; };
/* End PBXFileReference section */

/* Begin PBXFrameworksBuildPhase section */
		1E4CB207268CC77900015282 /* Frameworks */ = {
			isa = PBXFrameworksBuildPhase;
			buildActionMask = 2147483647;
			files = (
			);
			runOnlyForDeploymentPostprocessing = 0;
		};
		1E4CB214268CC79300015282 /* Frameworks */ = {
			isa = PBXFrameworksBuildPhase;
			buildActionMask = 2147483647;
			files = (
			);
			runOnlyForDeploymentPostprocessing = 0;
		};
		1E4CB221268CDC2300015282 /* Frameworks */ = {
			isa = PBXFrameworksBuildPhase;
			buildActionMask = 2147483647;
			files = (
			);
			runOnlyForDeploymentPostprocessing = 0;
		};
		1E4CB22E268CDC6D00015282 /* Frameworks */ = {
			isa = PBXFrameworksBuildPhase;
			buildActionMask = 2147483647;
			files = (
			);
			runOnlyForDeploymentPostprocessing = 0;
		};
		1E70C9F426726F380064A939 /* Frameworks */ = {
			isa = PBXFrameworksBuildPhase;
			buildActionMask = 2147483647;
			files = (
			);
			runOnlyForDeploymentPostprocessing = 0;
		};
		1E70CA0626726F380064A939 /* Frameworks */ = {
			isa = PBXFrameworksBuildPhase;
			buildActionMask = 2147483647;
			files = (
			);
			runOnlyForDeploymentPostprocessing = 0;
		};
		1E70CA1326726F380064A939 /* Frameworks */ = {
			isa = PBXFrameworksBuildPhase;
			buildActionMask = 2147483647;
			files = (
			);
			runOnlyForDeploymentPostprocessing = 0;
		};
		1E70CA1D26726F380064A939 /* Frameworks */ = {
			isa = PBXFrameworksBuildPhase;
			buildActionMask = 2147483647;
			files = (
			);
			runOnlyForDeploymentPostprocessing = 0;
		};
/* End PBXFrameworksBuildPhase section */

/* Begin PBXGroup section */
		1E4CB20B268CC77900015282 /* TOtL-iOS-UITest */ = {
			isa = PBXGroup;
			children = (
				1E4CB20C268CC77900015282 /* TOtL_iOS_UITest.swift */,
			);
			path = "TOtL-iOS-UITest";
			sourceTree = "<group>";
		};
		1E4CB218268CC79300015282 /* TOtL-macOS-UITest */ = {
			isa = PBXGroup;
			children = (
				1E4CB219268CC79300015282 /* TOtL_macOS_UITest.swift */,
			);
			path = "TOtL-macOS-UITest";
			sourceTree = "<group>";
		};
		1E4CB225268CDC2300015282 /* TOtL-macOS-test */ = {
			isa = PBXGroup;
			children = (
				1E4CB226268CDC2300015282 /* TOtL_macOS_test.swift */,
			);
			path = "TOtL-macOS-test";
			sourceTree = "<group>";
		};
		1E4CB232268CDC6D00015282 /* TOtL-iOS-test */ = {
			isa = PBXGroup;
			children = (
				1E4CB233268CDC6D00015282 /* TOtL_iOS_test.swift */,
			);
			path = "TOtL-iOS-test";
			sourceTree = "<group>";
		};
		1E70C9E326726F350064A939 = {
			isa = PBXGroup;
			children = (
				1E70C9E826726F350064A939 /* Shared (App) */,
				1E70C9F126726F380064A939 /* Shared (Extension) */,
				1E70C9F926726F380064A939 /* iOS (App) */,
				1E70CA0A26726F380064A939 /* macOS (App) */,
				1E70CA1A26726F380064A939 /* iOS (Extension) */,
				1E70CA2426726F380064A939 /* macOS (Extension) */,
				1E4CB20B268CC77900015282 /* TOtL-iOS-UITest */,
				1E4CB218268CC79300015282 /* TOtL-macOS-UITest */,
				1E4CB225268CDC2300015282 /* TOtL-macOS-test */,
				1E4CB232268CDC6D00015282 /* TOtL-iOS-test */,
				1E70C9F826726F380064A939 /* Products */,
			);
			sourceTree = "<group>";
		};
		1E70C9E826726F350064A939 /* Shared (App) */ = {
			isa = PBXGroup;
			children = (
				1E70C9F026726F380064A939 /* Assets.xcassets */,
				1E2F5768267BE9D600C78FFC /* Localizable.strings */,
			);
			path = "Shared (App)";
			sourceTree = "<group>";
		};
		1E70C9F126726F380064A939 /* Shared (Extension) */ = {
			isa = PBXGroup;
			children = (
				1E70CA4426726F380064A939 /* Resources */,
				1E70C9F226726F380064A939 /* SafariWebExtensionHandler.swift */,
			);
			path = "Shared (Extension)";
			sourceTree = "<group>";
		};
		1E70C9F826726F380064A939 /* Products */ = {
			isa = PBXGroup;
			children = (
				1E70C9F726726F380064A939 /* Turn Off the Lights for Safari.app */,
				1E70CA0926726F380064A939 /* Turn Off the Lights for Safari.app */,
				1E70CA1626726F380064A939 /* Turn Off the Lights for Safari Extension.appex */,
				1E70CA2026726F380064A939 /* Turn Off the Lights for Safari Extension.appex */,
				1E4CB20A268CC77900015282 /* TOtL-iOS-UITest.xctest */,
				1E4CB217268CC79300015282 /* TOtL-macOS-UITest.xctest */,
				1E4CB224268CDC2300015282 /* TOtL-macOS-test.xctest */,
				1E4CB231268CDC6D00015282 /* TOtL-iOS-test.xctest */,
			);
			name = Products;
			sourceTree = "<group>";
		};
		1E70C9F926726F380064A939 /* iOS (App) */ = {
			isa = PBXGroup;
			children = (
				1E70C9FA26726F380064A939 /* AppDelegate.swift */,
				1E6762772681F2B800995D6C /* MasterViewController.swift */,
				1E151BB2267FC78E0004E9E3 /* SidebarController.swift */,
				1E6762792681F42E00995D6C /* SplitViewController.swift */,
				1E6C490B267B83C2001048CF /* AboutController.swift */,
				1E6C490C267B83C2001048CF /* EnableViewController.swift */,
				1E6C490D267B83C2001048CF /* FeedParser.swift */,
				1E6C4907267B83C2001048CF /* forest.mov */,
				1E6C4908267B83C2001048CF /* GalleryController.swift */,
				1E6C4909267B83C2001048CF /* NewsTableViewCell.swift */,
				1E6C490A267B83C2001048CF /* NewsTableViewController.swift */,
				1E6C490E267B83C2001048CF /* ViewController.swift */,
				1E6C490F267B83C3001048CF /* WelcomeViewController.swift */,
				1E70C9FC26726F380064A939 /* SceneDelegate.swift */,
				1E6C491C267B851B001048CF /* Main.storyboard */,
				1E70C9FE26726F380064A939 /* LaunchScreen.storyboard */,
				1E70CA0426726F380064A939 /* Info.plist */,
				1E378628267CA350003A0F73 /* LicensesViewController.swift */,
				1E2A618C2682675E00619A31 /* VideoTableViewCell.swift */,
				1E2A618D2682675E00619A31 /* VideoViewController.swift */,
				1E2A61902682677300619A31 /* YouTubeViewController.swift */,
				1EC4AC1826851FC0005FCF33 /* CommonClasses.swift */,
				1EC4AC1926851FC0005FCF33 /* SimpleTableViewController.swift */,
				1E8F88FC269E194F00030DDB /* NetworkViewController.swift */,
			);
			path = "iOS (App)";
			sourceTree = "<group>";
		};
		1E70CA0A26726F380064A939 /* macOS (App) */ = {
			isa = PBXGroup;
			children = (
				1E7D1A14267283A600FECE52 /* Assets.xcassets */,
				1E7D1A15267283A600FECE52 /* DaringInfantileDachshund.mp4 */,
				1E7D1A17267283A700FECE52 /* Main.storyboard */,
				1E7D1A16267283A700FECE52 /* ViewController.swift */,
				1E70CA0B26726F380064A939 /* AppDelegate.swift */,
				1E70CA1026726F380064A939 /* Info.plist */,
				1E70CA1126726F380064A939 /* Turn Off the Lights for Safari.entitlements */,
			);
			path = "macOS (App)";
			sourceTree = "<group>";
		};
		1E70CA1A26726F380064A939 /* iOS (Extension) */ = {
			isa = PBXGroup;
			children = (
				1E70CA1B26726F380064A939 /* Info.plist */,
			);
			path = "iOS (Extension)";
			sourceTree = "<group>";
		};
		1E70CA2426726F380064A939 /* macOS (Extension) */ = {
			isa = PBXGroup;
			children = (
				1E70CA2526726F380064A939 /* Info.plist */,
			);
			path = "macOS (Extension)";
			sourceTree = "<group>";
		};
		1E70CA4426726F380064A939 /* Resources */ = {
			isa = PBXGroup;
			children = (
				1E70CA4526726F380064A939 /* LICENSE */,
				1E70CA4626726F380064A939 /* css */,
				1E70CA4726726F380064A939 /* images */,
				1E70CA4826726F380064A939 /* js */,
				1E70CA4926726F380064A939 /* popup.html */,
				1E70CA4A26726F380064A939 /* palette.html */,
				1E70CA4B26726F380064A939 /* speech.html */,
				1E70CA4C26726F380064A939 /* README.md */,
				1E70CA4D26726F380064A939 /* icons */,
				1E70CA4E26726F380064A939 /* manifest.json */,
				1E70CA4F26726F380064A939 /* schema.json */,
				1E70CA5026726F380064A939 /* options.html */,
				1E70CA5126726F380064A939 /* background.html */,
				1E70CA5226726F380064A939 /* _locales */,
				1E70CA5326726F380064A939 /* motion.html */,
			);
			name = Resources;
			path = "Shared (Extension)";
			sourceTree = SOURCE_ROOT;
		};
/* End PBXGroup section */

/* Begin PBXNativeTarget section */
		1E4CB209268CC77900015282 /* TOtL-iOS-UITest */ = {
			isa = PBXNativeTarget;
			buildConfigurationList = 1E4CB210268CC77900015282 /* Build configuration list for PBXNativeTarget "TOtL-iOS-UITest" */;
			buildPhases = (
				1E4CB206268CC77900015282 /* Sources */,
				1E4CB207268CC77900015282 /* Frameworks */,
				1E4CB208268CC77900015282 /* Resources */,
			);
			buildRules = (
			);
			dependencies = (
				1E4CB20F268CC77900015282 /* PBXTargetDependency */,
			);
			name = "TOtL-iOS-UITest";
			productName = "TOtL-iOS-UITest";
			productReference = 1E4CB20A268CC77900015282 /* TOtL-iOS-UITest.xctest */;
			productType = "com.apple.product-type.bundle.ui-testing";
		};
		1E4CB216268CC79300015282 /* TOtL-macOS-UITest */ = {
			isa = PBXNativeTarget;
			buildConfigurationList = 1E4CB21D268CC79300015282 /* Build configuration list for PBXNativeTarget "TOtL-macOS-UITest" */;
			buildPhases = (
				1E4CB213268CC79300015282 /* Sources */,
				1E4CB214268CC79300015282 /* Frameworks */,
				1E4CB215268CC79300015282 /* Resources */,
			);
			buildRules = (
			);
			dependencies = (
				1E4CB21C268CC79300015282 /* PBXTargetDependency */,
			);
			name = "TOtL-macOS-UITest";
			productName = "TOtL-macOS-UITest";
			productReference = 1E4CB217268CC79300015282 /* TOtL-macOS-UITest.xctest */;
			productType = "com.apple.product-type.bundle.ui-testing";
		};
		1E4CB223268CDC2300015282 /* TOtL-macOS-test */ = {
			isa = PBXNativeTarget;
			buildConfigurationList = 1E4CB22A268CDC2300015282 /* Build configuration list for PBXNativeTarget "TOtL-macOS-test" */;
			buildPhases = (
				1E4CB220268CDC2300015282 /* Sources */,
				1E4CB221268CDC2300015282 /* Frameworks */,
				1E4CB222268CDC2300015282 /* Resources */,
			);
			buildRules = (
			);
			dependencies = (
				1E4CB229268CDC2300015282 /* PBXTargetDependency */,
			);
			name = "TOtL-macOS-test";
			productName = "TOtL-macOS-test";
			productReference = 1E4CB224268CDC2300015282 /* TOtL-macOS-test.xctest */;
			productType = "com.apple.product-type.bundle.unit-test";
		};
		1E4CB230268CDC6D00015282 /* TOtL-iOS-test */ = {
			isa = PBXNativeTarget;
			buildConfigurationList = 1E4CB237268CDC6D00015282 /* Build configuration list for PBXNativeTarget "TOtL-iOS-test" */;
			buildPhases = (
				1E4CB22D268CDC6D00015282 /* Sources */,
				1E4CB22E268CDC6D00015282 /* Frameworks */,
				1E4CB22F268CDC6D00015282 /* Resources */,
			);
			buildRules = (
			);
			dependencies = (
				1E4CB236268CDC6D00015282 /* PBXTargetDependency */,
			);
			name = "TOtL-iOS-test";
			productName = "TOtL-iOS-test";
			productReference = 1E4CB231268CDC6D00015282 /* TOtL-iOS-test.xctest */;
			productType = "com.apple.product-type.bundle.unit-test";
		};
		1E70C9F626726F380064A939 /* Turn Off the Lights for Safari (iOS) */ = {
			isa = PBXNativeTarget;
			buildConfigurationList = 1E70CA3A26726F380064A939 /* Build configuration list for PBXNativeTarget "Turn Off the Lights for Safari (iOS)" */;
			buildPhases = (
				1E70C9F326726F380064A939 /* Sources */,
				1E70C9F426726F380064A939 /* Frameworks */,
				1E70C9F526726F380064A939 /* Resources */,
				1E70CA3926726F380064A939 /* Embed App Extensions */,
			);
			buildRules = (
			);
			dependencies = (
				1E70CA1926726F380064A939 /* PBXTargetDependency */,
			);
			name = "Turn Off the Lights for Safari (iOS)";
			productName = "Turn Off the Lights for Safari (iOS)";
			productReference = 1E70C9F726726F380064A939 /* Turn Off the Lights for Safari.app */;
			productType = "com.apple.product-type.application";
		};
		1E70CA0826726F380064A939 /* Turn Off the Lights for Safari (macOS) */ = {
			isa = PBXNativeTarget;
			buildConfigurationList = 1E70CA4126726F380064A939 /* Build configuration list for PBXNativeTarget "Turn Off the Lights for Safari (macOS)" */;
			buildPhases = (
				1E70CA0526726F380064A939 /* Sources */,
				1E70CA0626726F380064A939 /* Frameworks */,
				1E70CA0726726F380064A939 /* Resources */,
				1E70CA4026726F380064A939 /* Embed App Extensions */,
			);
			buildRules = (
			);
			dependencies = (
				1E70CA2326726F380064A939 /* PBXTargetDependency */,
			);
			name = "Turn Off the Lights for Safari (macOS)";
			productName = "Turn Off the Lights for Safari (macOS)";
			productReference = 1E70CA0926726F380064A939 /* Turn Off the Lights for Safari.app */;
			productType = "com.apple.product-type.application";
		};
		1E70CA1526726F380064A939 /* Turn Off the Lights for Safari Extension (iOS) */ = {
			isa = PBXNativeTarget;
			buildConfigurationList = 1E70CA3626726F380064A939 /* Build configuration list for PBXNativeTarget "Turn Off the Lights for Safari Extension (iOS)" */;
			buildPhases = (
				1E70CA1226726F380064A939 /* Sources */,
				1E70CA1326726F380064A939 /* Frameworks */,
				1E70CA1426726F380064A939 /* Resources */,
			);
			buildRules = (
			);
			dependencies = (
			);
			name = "Turn Off the Lights for Safari Extension (iOS)";
			productName = "Turn Off the Lights for Safari Extension (iOS)";
			productReference = 1E70CA1626726F380064A939 /* Turn Off the Lights for Safari Extension.appex */;
			productType = "com.apple.product-type.app-extension";
		};
		1E70CA1F26726F380064A939 /* Turn Off the Lights for Safari Extension (macOS) */ = {
			isa = PBXNativeTarget;
			buildConfigurationList = 1E70CA3D26726F380064A939 /* Build configuration list for PBXNativeTarget "Turn Off the Lights for Safari Extension (macOS)" */;
			buildPhases = (
				1E70CA1C26726F380064A939 /* Sources */,
				1E70CA1D26726F380064A939 /* Frameworks */,
				1E70CA1E26726F380064A939 /* Resources */,
			);
			buildRules = (
			);
			dependencies = (
			);
			name = "Turn Off the Lights for Safari Extension (macOS)";
			productName = "Turn Off the Lights for Safari Extension (macOS)";
			productReference = 1E70CA2026726F380064A939 /* Turn Off the Lights for Safari Extension.appex */;
			productType = "com.apple.product-type.app-extension";
		};
/* End PBXNativeTarget section */

/* Begin PBXProject section */
		1E70C9E426726F350064A939 /* Project object */ = {
			isa = PBXProject;
			attributes = {
				BuildIndependentTargetsInParallel = 1;
				LastSwiftUpdateCheck = 1300;
				LastUpgradeCheck = 1300;
				TargetAttributes = {
					1E4CB209268CC77900015282 = {
						CreatedOnToolsVersion = 13.0;
						TestTargetID = 1E70C9F626726F380064A939;
					};
					1E4CB216268CC79300015282 = {
						CreatedOnToolsVersion = 13.0;
						TestTargetID = 1E70CA0826726F380064A939;
					};
					1E4CB223268CDC2300015282 = {
						CreatedOnToolsVersion = 13.0;
						TestTargetID = 1E70CA0826726F380064A939;
					};
					1E4CB230268CDC6D00015282 = {
						CreatedOnToolsVersion = 13.0;
						TestTargetID = 1E70C9F626726F380064A939;
					};
					1E70C9F626726F380064A939 = {
						CreatedOnToolsVersion = 13.0;
					};
					1E70CA0826726F380064A939 = {
						CreatedOnToolsVersion = 13.0;
					};
					1E70CA1526726F380064A939 = {
						CreatedOnToolsVersion = 13.0;
					};
					1E70CA1F26726F380064A939 = {
						CreatedOnToolsVersion = 13.0;
					};
				};
			};
			buildConfigurationList = 1E70C9E726726F350064A939 /* Build configuration list for PBXProject "Turn Off the Lights for Safari" */;
			compatibilityVersion = "Xcode 12.0";
			developmentRegion = en;
			hasScannedForEncodings = 0;
			knownRegions = (
				en,
				Base,
			);
			mainGroup = 1E70C9E326726F350064A939;
			productRefGroup = 1E70C9F826726F380064A939 /* Products */;
			projectDirPath = "";
			projectRoot = "";
			targets = (
				1E70C9F626726F380064A939 /* Turn Off the Lights for Safari (iOS) */,
				1E70CA0826726F380064A939 /* Turn Off the Lights for Safari (macOS) */,
				1E70CA1526726F380064A939 /* Turn Off the Lights for Safari Extension (iOS) */,
				1E70CA1F26726F380064A939 /* Turn Off the Lights for Safari Extension (macOS) */,
				1E4CB209268CC77900015282 /* TOtL-iOS-UITest */,
				1E4CB216268CC79300015282 /* TOtL-macOS-UITest */,
				1E4CB223268CDC2300015282 /* TOtL-macOS-test */,
				1E4CB230268CDC6D00015282 /* TOtL-iOS-test */,
			);
		};
/* End PBXProject section */

/* Begin PBXResourcesBuildPhase section */
		1E4CB208268CC77900015282 /* Resources */ = {
			isa = PBXResourcesBuildPhase;
			buildActionMask = 2147483647;
			files = (
			);
			runOnlyForDeploymentPostprocessing = 0;
		};
		1E4CB215268CC79300015282 /* Resources */ = {
			isa = PBXResourcesBuildPhase;
			buildActionMask = 2147483647;
			files = (
			);
			runOnlyForDeploymentPostprocessing = 0;
		};
		1E4CB222268CDC2300015282 /* Resources */ = {
			isa = PBXResourcesBuildPhase;
			buildActionMask = 2147483647;
			files = (
			);
			runOnlyForDeploymentPostprocessing = 0;
		};
		1E4CB22F268CDC6D00015282 /* Resources */ = {
			isa = PBXResourcesBuildPhase;
			buildActionMask = 2147483647;
			files = (
			);
			runOnlyForDeploymentPostprocessing = 0;
		};
		1E70C9F526726F380064A939 /* Resources */ = {
			isa = PBXResourcesBuildPhase;
			buildActionMask = 2147483647;
			files = (
				1E70CA0026726F380064A939 /* LaunchScreen.storyboard in Resources */,
				1E2F5766267BE9D600C78FFC /* Localizable.strings in Resources */,
				1E2A6183268264EB00619A31 /* Main.storyboard in Resources */,
				1E70CA3026726F380064A939 /* Assets.xcassets in Resources */,
				1E6C4913267B83C3001048CF /* forest.mov in Resources */,
			);
			runOnlyForDeploymentPostprocessing = 0;
		};
		1E70CA0726726F380064A939 /* Resources */ = {
			isa = PBXResourcesBuildPhase;
			buildActionMask = 2147483647;
			files = (
				1E7D1A1A26728E0500FECE52 /* DaringInfantileDachshund.mp4 in Resources */,
				1E7D1A182672848500FECE52 /* Main.storyboard in Resources */,
				1E70CA3126726F380064A939 /* Assets.xcassets in Resources */,
			);
			runOnlyForDeploymentPostprocessing = 0;
		};
		1E70CA1426726F380064A939 /* Resources */ = {
			isa = PBXResourcesBuildPhase;
			buildActionMask = 2147483647;
			files = (
				1E70CA6826726F380064A939 /* palette.html in Resources */,
				1E70CA6526726F380064A939 /* images in Resources */,
				1E70CA6C26726F380064A939 /* manifest.json in Resources */,
				1E70CA6726726F380064A939 /* popup.html in Resources */,
				1E70CA6B26726F380064A939 /* icons in Resources */,
				1E70CA7126726F380064A939 /* motion.html in Resources */,
				1E70CA6426726F380064A939 /* css in Resources */,
				1E70CA6D26726F380064A939 /* schema.json in Resources */,
				1E70CA6326726F380064A939 /* LICENSE in Resources */,
				1E70CA6926726F380064A939 /* speech.html in Resources */,
				1E70CA6A26726F380064A939 /* README.md in Resources */,
				1E70CA6626726F380064A939 /* js in Resources */,
				1E70CA6E26726F380064A939 /* options.html in Resources */,
				1E70CA7026726F380064A939 /* _locales in Resources */,
				1E70CA6F26726F380064A939 /* background.html in Resources */,
			);
			runOnlyForDeploymentPostprocessing = 0;
		};
		1E70CA1E26726F380064A939 /* Resources */ = {
			isa = PBXResourcesBuildPhase;
			buildActionMask = 2147483647;
			files = (
				1E70CA5926726F380064A939 /* palette.html in Resources */,
				1E70CA5626726F380064A939 /* images in Resources */,
				1E70CA5D26726F380064A939 /* manifest.json in Resources */,
				1E70CA5826726F380064A939 /* popup.html in Resources */,
				1E70CA5C26726F380064A939 /* icons in Resources */,
				1E70CA6226726F380064A939 /* motion.html in Resources */,
				1E70CA5526726F380064A939 /* css in Resources */,
				1E70CA5E26726F380064A939 /* schema.json in Resources */,
				1E70CA5426726F380064A939 /* LICENSE in Resources */,
				1E70CA5A26726F380064A939 /* speech.html in Resources */,
				1E70CA5B26726F380064A939 /* README.md in Resources */,
				1E70CA5726726F380064A939 /* js in Resources */,
				1E70CA5F26726F380064A939 /* options.html in Resources */,
				1E70CA6126726F380064A939 /* _locales in Resources */,
				1E70CA6026726F380064A939 /* background.html in Resources */,
			);
			runOnlyForDeploymentPostprocessing = 0;
		};
/* End PBXResourcesBuildPhase section */

/* Begin PBXSourcesBuildPhase section */
		1E4CB206268CC77900015282 /* Sources */ = {
			isa = PBXSourcesBuildPhase;
			buildActionMask = 2147483647;
			files = (
				1E4CB20D268CC77900015282 /* TOtL_iOS_UITest.swift in Sources */,
			);
			runOnlyForDeploymentPostprocessing = 0;
		};
		1E4CB213268CC79300015282 /* Sources */ = {
			isa = PBXSourcesBuildPhase;
			buildActionMask = 2147483647;
			files = (
				1E4CB21A268CC79300015282 /* TOtL_macOS_UITest.swift in Sources */,
			);
			runOnlyForDeploymentPostprocessing = 0;
		};
		1E4CB220268CDC2300015282 /* Sources */ = {
			isa = PBXSourcesBuildPhase;
			buildActionMask = 2147483647;
			files = (
				1E4CB227268CDC2300015282 /* TOtL_macOS_test.swift in Sources */,
			);
			runOnlyForDeploymentPostprocessing = 0;
		};
		1E4CB22D268CDC6D00015282 /* Sources */ = {
			isa = PBXSourcesBuildPhase;
			buildActionMask = 2147483647;
			files = (
				1E4CB234268CDC6D00015282 /* TOtL_iOS_test.swift in Sources */,
			);
			runOnlyForDeploymentPostprocessing = 0;
		};
		1E70C9F326726F380064A939 /* Sources */ = {
			isa = PBXSourcesBuildPhase;
			buildActionMask = 2147483647;
			files = (
				1E6762782681F2B800995D6C /* MasterViewController.swift in Sources */,
				1E378629267CA350003A0F73 /* LicensesViewController.swift in Sources */,
				1E6C4914267B83C3001048CF /* GalleryController.swift in Sources */,
				1E70C9FB26726F380064A939 /* AppDelegate.swift in Sources */,
				1E6C4918267B83C3001048CF /* EnableViewController.swift in Sources */,
				1E6C4915267B83C3001048CF /* NewsTableViewCell.swift in Sources */,
				1E6C491A267B83C3001048CF /* ViewController.swift in Sources */,
				1EC4AC1B26851FC0005FCF33 /* SimpleTableViewController.swift in Sources */,
				1E6C4919267B83C3001048CF /* FeedParser.swift in Sources */,
				1E2A618F2682675E00619A31 /* VideoViewController.swift in Sources */,
				1EC4AC1A26851FC0005FCF33 /* CommonClasses.swift in Sources */,
				1E70C9FD26726F380064A939 /* SceneDelegate.swift in Sources */,
				1E151BB3267FC78E0004E9E3 /* SidebarController.swift in Sources */,
				1E6C4916267B83C3001048CF /* NewsTableViewController.swift in Sources */,
				1E2A61912682677300619A31 /* YouTubeViewController.swift in Sources */,
				1E6C491B267B83C3001048CF /* WelcomeViewController.swift in Sources */,
				1E2A618E2682675E00619A31 /* VideoTableViewCell.swift in Sources */,
				1E67627A2681F42E00995D6C /* SplitViewController.swift in Sources */,
				1E8F88FD269E194F00030DDB /* NetworkViewController.swift in Sources */,
				1E6C4917267B83C3001048CF /* AboutController.swift in Sources */,
			);
			runOnlyForDeploymentPostprocessing = 0;
		};
		1E70CA0526726F380064A939 /* Sources */ = {
			isa = PBXSourcesBuildPhase;
			buildActionMask = 2147483647;
			files = (
				1E7D1A192672850D00FECE52 /* ViewController.swift in Sources */,
				1E70CA0C26726F380064A939 /* AppDelegate.swift in Sources */,
			);
			runOnlyForDeploymentPostprocessing = 0;
		};
		1E70CA1226726F380064A939 /* Sources */ = {
			isa = PBXSourcesBuildPhase;
			buildActionMask = 2147483647;
			files = (
				1E70CA3226726F380064A939 /* SafariWebExtensionHandler.swift in Sources */,
			);
			runOnlyForDeploymentPostprocessing = 0;
		};
		1E70CA1C26726F380064A939 /* Sources */ = {
			isa = PBXSourcesBuildPhase;
			buildActionMask = 2147483647;
			files = (
				1E70CA3326726F380064A939 /* SafariWebExtensionHandler.swift in Sources */,
			);
			runOnlyForDeploymentPostprocessing = 0;
		};
/* End PBXSourcesBuildPhase section */

/* Begin PBXTargetDependency section */
		1E4CB20F268CC77900015282 /* PBXTargetDependency */ = {
			isa = PBXTargetDependency;
			target = 1E70C9F626726F380064A939 /* Turn Off the Lights for Safari (iOS) */;
			targetProxy = 1E4CB20E268CC77900015282 /* PBXContainerItemProxy */;
		};
		1E4CB21C268CC79300015282 /* PBXTargetDependency */ = {
			isa = PBXTargetDependency;
			target = 1E70CA0826726F380064A939 /* Turn Off the Lights for Safari (macOS) */;
			targetProxy = 1E4CB21B268CC79300015282 /* PBXContainerItemProxy */;
		};
		1E4CB229268CDC2300015282 /* PBXTargetDependency */ = {
			isa = PBXTargetDependency;
			target = 1E70CA0826726F380064A939 /* Turn Off the Lights for Safari (macOS) */;
			targetProxy = 1E4CB228268CDC2300015282 /* PBXContainerItemProxy */;
		};
		1E4CB236268CDC6D00015282 /* PBXTargetDependency */ = {
			isa = PBXTargetDependency;
			target = 1E70C9F626726F380064A939 /* Turn Off the Lights for Safari (iOS) */;
			targetProxy = 1E4CB235268CDC6D00015282 /* PBXContainerItemProxy */;
		};
		1E70CA1926726F380064A939 /* PBXTargetDependency */ = {
			isa = PBXTargetDependency;
			target = 1E70CA1526726F380064A939 /* Turn Off the Lights for Safari Extension (iOS) */;
			targetProxy = 1E70CA1826726F380064A939 /* PBXContainerItemProxy */;
		};
		1E70CA2326726F380064A939 /* PBXTargetDependency */ = {
			isa = PBXTargetDependency;
			target = 1E70CA1F26726F380064A939 /* Turn Off the Lights for Safari Extension (macOS) */;
			targetProxy = 1E70CA2226726F380064A939 /* PBXContainerItemProxy */;
		};
/* End PBXTargetDependency section */

/* Begin PBXVariantGroup section */
		1E2F5768267BE9D600C78FFC /* Localizable.strings */ = {
			isa = PBXVariantGroup;
			children = (
				1E2F5767267BE9D600C78FFC /* en */,
			);
			name = Localizable.strings;
			sourceTree = "<group>";
		};
		1E70C9FE26726F380064A939 /* LaunchScreen.storyboard */ = {
			isa = PBXVariantGroup;
			children = (
				1E70C9FF26726F380064A939 /* Base */,
			);
			name = LaunchScreen.storyboard;
			sourceTree = "<group>";
		};
/* End PBXVariantGroup section */

/* Begin XCBuildConfiguration section */
		1E4CB211268CC77900015282 /* Debug */ = {
			isa = XCBuildConfiguration;
			buildSettings = {
				CODE_SIGN_STYLE = Automatic;
				CURRENT_PROJECT_VERSION = 1;
				DEVELOPMENT_TEAM = PRR97757HF;
				GENERATE_INFOPLIST_FILE = YES;
				LD_RUNPATH_SEARCH_PATHS = (
					"$(inherited)",
					"@executable_path/Frameworks",
					"@loader_path/Frameworks",
				);
				MARKETING_VERSION = 1.0;
				PRODUCT_BUNDLE_IDENTIFIER = "com.stefanvd.TOtL-iOS-UITest";
				PRODUCT_NAME = "$(TARGET_NAME)";
				SDKROOT = iphoneos;
				SWIFT_EMIT_LOC_STRINGS = NO;
				SWIFT_VERSION = 5.0;
				TARGETED_DEVICE_FAMILY = "1,2";
				TEST_TARGET_NAME = "Turn Off the Lights for Safari (iOS)";
			};
			name = Debug;
		};
		1E4CB212268CC77900015282 /* Release */ = {
			isa = XCBuildConfiguration;
			buildSettings = {
				CODE_SIGN_STYLE = Automatic;
				CURRENT_PROJECT_VERSION = 1;
				DEVELOPMENT_TEAM = PRR97757HF;
				GENERATE_INFOPLIST_FILE = YES;
				LD_RUNPATH_SEARCH_PATHS = (
					"$(inherited)",
					"@executable_path/Frameworks",
					"@loader_path/Frameworks",
				);
				MARKETING_VERSION = 1.0;
				PRODUCT_BUNDLE_IDENTIFIER = "com.stefanvd.TOtL-iOS-UITest";
				PRODUCT_NAME = "$(TARGET_NAME)";
				SDKROOT = iphoneos;
				SWIFT_EMIT_LOC_STRINGS = NO;
				SWIFT_VERSION = 5.0;
				TARGETED_DEVICE_FAMILY = "1,2";
				TEST_TARGET_NAME = "Turn Off the Lights for Safari (iOS)";
				VALIDATE_PRODUCT = YES;
			};
			name = Release;
		};
		1E4CB21E268CC79300015282 /* Debug */ = {
			isa = XCBuildConfiguration;
			buildSettings = {
				CODE_SIGN_STYLE = Automatic;
				COMBINE_HIDPI_IMAGES = YES;
				CURRENT_PROJECT_VERSION = 1;
				DEVELOPMENT_TEAM = PRR97757HF;
				GENERATE_INFOPLIST_FILE = YES;
				LD_RUNPATH_SEARCH_PATHS = (
					"$(inherited)",
					"@executable_path/../Frameworks",
					"@loader_path/../Frameworks",
				);
				MACOSX_DEPLOYMENT_TARGET = 11.4;
				MARKETING_VERSION = 1.0;
				PRODUCT_BUNDLE_IDENTIFIER = "com.stefanvd.TOtL-macOS-UITest";
				PRODUCT_NAME = "$(TARGET_NAME)";
				SDKROOT = macosx;
				SWIFT_EMIT_LOC_STRINGS = NO;
				SWIFT_VERSION = 5.0;
				TEST_TARGET_NAME = "Turn Off the Lights for Safari (macOS)";
			};
			name = Debug;
		};
		1E4CB21F268CC79300015282 /* Release */ = {
			isa = XCBuildConfiguration;
			buildSettings = {
				CODE_SIGN_STYLE = Automatic;
				COMBINE_HIDPI_IMAGES = YES;
				CURRENT_PROJECT_VERSION = 1;
				DEVELOPMENT_TEAM = PRR97757HF;
				GENERATE_INFOPLIST_FILE = YES;
				LD_RUNPATH_SEARCH_PATHS = (
					"$(inherited)",
					"@executable_path/../Frameworks",
					"@loader_path/../Frameworks",
				);
				MACOSX_DEPLOYMENT_TARGET = 11.4;
				MARKETING_VERSION = 1.0;
				PRODUCT_BUNDLE_IDENTIFIER = "com.stefanvd.TOtL-macOS-UITest";
				PRODUCT_NAME = "$(TARGET_NAME)";
				SDKROOT = macosx;
				SWIFT_EMIT_LOC_STRINGS = NO;
				SWIFT_VERSION = 5.0;
				TEST_TARGET_NAME = "Turn Off the Lights for Safari (macOS)";
			};
			name = Release;
		};
		1E4CB22B268CDC2300015282 /* Debug */ = {
			isa = XCBuildConfiguration;
			buildSettings = {
				BUNDLE_LOADER = "$(TEST_HOST)";
				CODE_SIGN_STYLE = Automatic;
				COMBINE_HIDPI_IMAGES = YES;
				CURRENT_PROJECT_VERSION = 1;
				DEVELOPMENT_TEAM = PRR97757HF;
				GENERATE_INFOPLIST_FILE = YES;
				LD_RUNPATH_SEARCH_PATHS = (
					"$(inherited)",
					"@executable_path/../Frameworks",
					"@loader_path/../Frameworks",
				);
				MACOSX_DEPLOYMENT_TARGET = 11.4;
				MARKETING_VERSION = 1.0;
				PRODUCT_BUNDLE_IDENTIFIER = "com.stefanvd.TOtL-macOS-test";
				PRODUCT_NAME = "$(TARGET_NAME)";
				SDKROOT = macosx;
				SWIFT_EMIT_LOC_STRINGS = NO;
				SWIFT_VERSION = 5.0;
				TEST_HOST = "$(BUILT_PRODUCTS_DIR)/Turn Off the Lights for Safari.app/Contents/MacOS/Turn Off the Lights for Safari";
			};
			name = Debug;
		};
		1E4CB22C268CDC2300015282 /* Release */ = {
			isa = XCBuildConfiguration;
			buildSettings = {
				BUNDLE_LOADER = "$(TEST_HOST)";
				CODE_SIGN_STYLE = Automatic;
				COMBINE_HIDPI_IMAGES = YES;
				CURRENT_PROJECT_VERSION = 1;
				DEVELOPMENT_TEAM = PRR97757HF;
				GENERATE_INFOPLIST_FILE = YES;
				LD_RUNPATH_SEARCH_PATHS = (
					"$(inherited)",
					"@executable_path/../Frameworks",
					"@loader_path/../Frameworks",
				);
				MACOSX_DEPLOYMENT_TARGET = 11.4;
				MARKETING_VERSION = 1.0;
				PRODUCT_BUNDLE_IDENTIFIER = "com.stefanvd.TOtL-macOS-test";
				PRODUCT_NAME = "$(TARGET_NAME)";
				SDKROOT = macosx;
				SWIFT_EMIT_LOC_STRINGS = NO;
				SWIFT_VERSION = 5.0;
				TEST_HOST = "$(BUILT_PRODUCTS_DIR)/Turn Off the Lights for Safari.app/Contents/MacOS/Turn Off the Lights for Safari";
			};
			name = Release;
		};
		1E4CB238268CDC6D00015282 /* Debug */ = {
			isa = XCBuildConfiguration;
			buildSettings = {
				BUNDLE_LOADER = "$(TEST_HOST)";
				CODE_SIGN_STYLE = Automatic;
				CURRENT_PROJECT_VERSION = 1;
				DEVELOPMENT_TEAM = PRR97757HF;
				GENERATE_INFOPLIST_FILE = YES;
				LD_RUNPATH_SEARCH_PATHS = (
					"$(inherited)",
					"@executable_path/Frameworks",
					"@loader_path/Frameworks",
				);
				MARKETING_VERSION = 1.0;
				PRODUCT_BUNDLE_IDENTIFIER = "com.stefanvd.TOtL-iOS-test";
				PRODUCT_NAME = "$(TARGET_NAME)";
				SDKROOT = iphoneos;
				SWIFT_EMIT_LOC_STRINGS = NO;
				SWIFT_VERSION = 5.0;
				TARGETED_DEVICE_FAMILY = "1,2";
				TEST_HOST = "$(BUILT_PRODUCTS_DIR)/Turn Off the Lights for Safari.app/Turn Off the Lights for Safari";
			};
			name = Debug;
		};
		1E4CB239268CDC6D00015282 /* Release */ = {
			isa = XCBuildConfiguration;
			buildSettings = {
				BUNDLE_LOADER = "$(TEST_HOST)";
				CODE_SIGN_STYLE = Automatic;
				CURRENT_PROJECT_VERSION = 1;
				DEVELOPMENT_TEAM = PRR97757HF;
				GENERATE_INFOPLIST_FILE = YES;
				LD_RUNPATH_SEARCH_PATHS = (
					"$(inherited)",
					"@executable_path/Frameworks",
					"@loader_path/Frameworks",
				);
				MARKETING_VERSION = 1.0;
				PRODUCT_BUNDLE_IDENTIFIER = "com.stefanvd.TOtL-iOS-test";
				PRODUCT_NAME = "$(TARGET_NAME)";
				SDKROOT = iphoneos;
				SWIFT_EMIT_LOC_STRINGS = NO;
				SWIFT_VERSION = 5.0;
				TARGETED_DEVICE_FAMILY = "1,2";
				TEST_HOST = "$(BUILT_PRODUCTS_DIR)/Turn Off the Lights for Safari.app/Turn Off the Lights for Safari";
				VALIDATE_PRODUCT = YES;
			};
			name = Release;
		};
		1E70CA3426726F380064A939 /* Debug */ = {
			isa = XCBuildConfiguration;
			buildSettings = {
				ALWAYS_SEARCH_USER_PATHS = NO;
				CLANG_ANALYZER_NONNULL = YES;
				CLANG_ANALYZER_NUMBER_OBJECT_CONVERSION = YES_AGGRESSIVE;
				CLANG_CXX_LANGUAGE_STANDARD = "gnu++14";
				CLANG_CXX_LIBRARY = "libc++";
				CLANG_ENABLE_MODULES = YES;
				CLANG_ENABLE_OBJC_ARC = YES;
				CLANG_ENABLE_OBJC_WEAK = YES;
				CLANG_WARN_BLOCK_CAPTURE_AUTORELEASING = YES;
				CLANG_WARN_BOOL_CONVERSION = YES;
				CLANG_WARN_COMMA = YES;
				CLANG_WARN_CONSTANT_CONVERSION = YES;
				CLANG_WARN_DEPRECATED_OBJC_IMPLEMENTATIONS = YES;
				CLANG_WARN_DIRECT_OBJC_ISA_USAGE = YES_ERROR;
				CLANG_WARN_DOCUMENTATION_COMMENTS = YES;
				CLANG_WARN_EMPTY_BODY = YES;
				CLANG_WARN_ENUM_CONVERSION = YES;
				CLANG_WARN_INFINITE_RECURSION = YES;
				CLANG_WARN_INT_CONVERSION = YES;
				CLANG_WARN_NON_LITERAL_NULL_CONVERSION = YES;
				CLANG_WARN_OBJC_IMPLICIT_RETAIN_SELF = YES;
				CLANG_WARN_OBJC_LITERAL_CONVERSION = YES;
				CLANG_WARN_OBJC_ROOT_CLASS = YES_ERROR;
				CLANG_WARN_QUOTED_INCLUDE_IN_FRAMEWORK_HEADER = YES;
				CLANG_WARN_RANGE_LOOP_ANALYSIS = YES;
				CLANG_WARN_STRICT_PROTOTYPES = YES;
				CLANG_WARN_SUSPICIOUS_MOVE = YES;
				CLANG_WARN_UNGUARDED_AVAILABILITY = YES_AGGRESSIVE;
				CLANG_WARN_UNREACHABLE_CODE = YES;
				CLANG_WARN__DUPLICATE_METHOD_MATCH = YES;
				COPY_PHASE_STRIP = NO;
				DEBUG_INFORMATION_FORMAT = dwarf;
				ENABLE_STRICT_OBJC_MSGSEND = YES;
				ENABLE_TESTABILITY = YES;
				GCC_C_LANGUAGE_STANDARD = gnu11;
				GCC_DYNAMIC_NO_PIC = NO;
				GCC_NO_COMMON_BLOCKS = YES;
				GCC_OPTIMIZATION_LEVEL = 0;
				GCC_PREPROCESSOR_DEFINITIONS = (
					"DEBUG=1",
					"$(inherited)",
				);
				GCC_WARN_64_TO_32_BIT_CONVERSION = YES;
				GCC_WARN_ABOUT_RETURN_TYPE = YES_ERROR;
				GCC_WARN_UNDECLARED_SELECTOR = YES;
				GCC_WARN_UNINITIALIZED_AUTOS = YES_AGGRESSIVE;
				GCC_WARN_UNUSED_FUNCTION = YES;
				GCC_WARN_UNUSED_VARIABLE = YES;
				IPHONEOS_DEPLOYMENT_TARGET = 15.0;
				MACOSX_DEPLOYMENT_TARGET = 10.15;
				MTL_ENABLE_DEBUG_INFO = INCLUDE_SOURCE;
				MTL_FAST_MATH = YES;
				ONLY_ACTIVE_ARCH = YES;
				SWIFT_ACTIVE_COMPILATION_CONDITIONS = DEBUG;
				SWIFT_OPTIMIZATION_LEVEL = "-Onone";
			};
			name = Debug;
		};
		1E70CA3526726F380064A939 /* Release */ = {
			isa = XCBuildConfiguration;
			buildSettings = {
				ALWAYS_SEARCH_USER_PATHS = NO;
				CLANG_ANALYZER_NONNULL = YES;
				CLANG_ANALYZER_NUMBER_OBJECT_CONVERSION = YES_AGGRESSIVE;
				CLANG_CXX_LANGUAGE_STANDARD = "gnu++14";
				CLANG_CXX_LIBRARY = "libc++";
				CLANG_ENABLE_MODULES = YES;
				CLANG_ENABLE_OBJC_ARC = YES;
				CLANG_ENABLE_OBJC_WEAK = YES;
				CLANG_WARN_BLOCK_CAPTURE_AUTORELEASING = YES;
				CLANG_WARN_BOOL_CONVERSION = YES;
				CLANG_WARN_COMMA = YES;
				CLANG_WARN_CONSTANT_CONVERSION = YES;
				CLANG_WARN_DEPRECATED_OBJC_IMPLEMENTATIONS = YES;
				CLANG_WARN_DIRECT_OBJC_ISA_USAGE = YES_ERROR;
				CLANG_WARN_DOCUMENTATION_COMMENTS = YES;
				CLANG_WARN_EMPTY_BODY = YES;
				CLANG_WARN_ENUM_CONVERSION = YES;
				CLANG_WARN_INFINITE_RECURSION = YES;
				CLANG_WARN_INT_CONVERSION = YES;
				CLANG_WARN_NON_LITERAL_NULL_CONVERSION = YES;
				CLANG_WARN_OBJC_IMPLICIT_RETAIN_SELF = YES;
				CLANG_WARN_OBJC_LITERAL_CONVERSION = YES;
				CLANG_WARN_OBJC_ROOT_CLASS = YES_ERROR;
				CLANG_WARN_QUOTED_INCLUDE_IN_FRAMEWORK_HEADER = YES;
				CLANG_WARN_RANGE_LOOP_ANALYSIS = YES;
				CLANG_WARN_STRICT_PROTOTYPES = YES;
				CLANG_WARN_SUSPICIOUS_MOVE = YES;
				CLANG_WARN_UNGUARDED_AVAILABILITY = YES_AGGRESSIVE;
				CLANG_WARN_UNREACHABLE_CODE = YES;
				CLANG_WARN__DUPLICATE_METHOD_MATCH = YES;
				COPY_PHASE_STRIP = NO;
				DEBUG_INFORMATION_FORMAT = "dwarf-with-dsym";
				ENABLE_NS_ASSERTIONS = NO;
				ENABLE_STRICT_OBJC_MSGSEND = YES;
				GCC_C_LANGUAGE_STANDARD = gnu11;
				GCC_NO_COMMON_BLOCKS = YES;
				GCC_WARN_64_TO_32_BIT_CONVERSION = YES;
				GCC_WARN_ABOUT_RETURN_TYPE = YES_ERROR;
				GCC_WARN_UNDECLARED_SELECTOR = YES;
				GCC_WARN_UNINITIALIZED_AUTOS = YES_AGGRESSIVE;
				GCC_WARN_UNUSED_FUNCTION = YES;
				GCC_WARN_UNUSED_VARIABLE = YES;
				IPHONEOS_DEPLOYMENT_TARGET = 15.0;
				MACOSX_DEPLOYMENT_TARGET = 10.15;
				MTL_ENABLE_DEBUG_INFO = NO;
				MTL_FAST_MATH = YES;
				SWIFT_COMPILATION_MODE = wholemodule;
				SWIFT_OPTIMIZATION_LEVEL = "-O";
			};
			name = Release;
		};
		1E70CA3726726F380064A939 /* Debug */ = {
			isa = XCBuildConfiguration;
			buildSettings = {
				CODE_SIGN_STYLE = Automatic;
				CURRENT_PROJECT_VERSION = 39;
				DEVELOPMENT_TEAM = PRR97757HF;
				GENERATE_INFOPLIST_FILE = YES;
				INFOPLIST_FILE = "iOS (Extension)/Info.plist";
				INFOPLIST_KEY_CFBundleDisplayName = "Turn Off the Lights for Safari Extension";
				INFOPLIST_KEY_CFBundleExecutable = "Turn Off the Lights for Safari Extension";
				INFOPLIST_KEY_CFBundleName = "Turn Off the Lights for Safari Extension";
				INFOPLIST_KEY_CFBundleVersion = 38;
				INFOPLIST_KEY_NSHumanReadableCopyright = "";
				IPHONEOS_DEPLOYMENT_TARGET = 15.0;
				LD_RUNPATH_SEARCH_PATHS = (
					"$(inherited)",
					"@executable_path/Frameworks",
					"@executable_path/../../Frameworks",
				);
				MARKETING_VERSION = 4.3.0;
				PRODUCT_BUNDLE_IDENTIFIER = "com.stefanvd.Turn-Off-the-Lights-for-Safari.Extension";
				PRODUCT_NAME = "Turn Off the Lights for Safari Extension";
				SDKROOT = iphoneos;
				SKIP_INSTALL = YES;
				SWIFT_EMIT_LOC_STRINGS = YES;
				SWIFT_VERSION = 5.0;
				TARGETED_DEVICE_FAMILY = "1,2";
			};
			name = Debug;
		};
		1E70CA3826726F380064A939 /* Release */ = {
			isa = XCBuildConfiguration;
			buildSettings = {
				CODE_SIGN_STYLE = Automatic;
				CURRENT_PROJECT_VERSION = 39;
				DEVELOPMENT_TEAM = PRR97757HF;
				GENERATE_INFOPLIST_FILE = YES;
				INFOPLIST_FILE = "iOS (Extension)/Info.plist";
				INFOPLIST_KEY_CFBundleDisplayName = "Turn Off the Lights for Safari Extension";
				INFOPLIST_KEY_CFBundleExecutable = "Turn Off the Lights for Safari Extension";
				INFOPLIST_KEY_CFBundleName = "Turn Off the Lights for Safari Extension";
				INFOPLIST_KEY_CFBundleVersion = 38;
				INFOPLIST_KEY_NSHumanReadableCopyright = "";
				IPHONEOS_DEPLOYMENT_TARGET = 15.0;
				LD_RUNPATH_SEARCH_PATHS = (
					"$(inherited)",
					"@executable_path/Frameworks",
					"@executable_path/../../Frameworks",
				);
				MARKETING_VERSION = 4.3.0;
				PRODUCT_BUNDLE_IDENTIFIER = "com.stefanvd.Turn-Off-the-Lights-for-Safari.Extension";
				PRODUCT_NAME = "Turn Off the Lights for Safari Extension";
				SDKROOT = iphoneos;
				SKIP_INSTALL = YES;
				SWIFT_EMIT_LOC_STRINGS = YES;
				SWIFT_VERSION = 5.0;
				TARGETED_DEVICE_FAMILY = "1,2";
				VALIDATE_PRODUCT = YES;
			};
			name = Release;
		};
		1E70CA3B26726F380064A939 /* Debug */ = {
			isa = XCBuildConfiguration;
			buildSettings = {
				ALWAYS_EMBED_SWIFT_STANDARD_LIBRARIES = YES;
				ASSETCATALOG_COMPILER_APPICON_NAME = AppIcon;
				ASSETCATALOG_COMPILER_GLOBAL_ACCENT_COLOR_NAME = AccentColor;
				CODE_SIGN_STYLE = Automatic;
				CURRENT_PROJECT_VERSION = 39;
				DEVELOPMENT_TEAM = PRR97757HF;
				GENERATE_INFOPLIST_FILE = YES;
				INFOPLIST_FILE = "iOS (App)/Info.plist";
				INFOPLIST_KEY_CFBundleDisplayName = "Turn Off the Lights";
				INFOPLIST_KEY_CFBundleExecutable = "Turn Off the Lights for Safari";
				INFOPLIST_KEY_CFBundleName = "Turn Off the Lights for Safari";
				INFOPLIST_KEY_CFBundleVersion = 38;
				INFOPLIST_KEY_UIApplicationSupportsIndirectInputEvents = YES;
				INFOPLIST_KEY_UILaunchStoryboardName = LaunchScreen;
				INFOPLIST_KEY_UIMainStoryboardFile = Main;
				INFOPLIST_KEY_UISupportedInterfaceOrientations = "UIInterfaceOrientationPortrait UIInterfaceOrientationPortraitUpsideDown UIInterfaceOrientationLandscapeLeft UIInterfaceOrientationLandscapeRight";
				INFOPLIST_KEY_UISupportedInterfaceOrientations_iPad = "UIInterfaceOrientationPortrait UIInterfaceOrientationPortraitUpsideDown UIInterfaceOrientationLandscapeLeft UIInterfaceOrientationLandscapeRight";
				IPHONEOS_DEPLOYMENT_TARGET = 15.0;
				LD_RUNPATH_SEARCH_PATHS = (
					"$(inherited)",
					"@executable_path/Frameworks",
				);
				MARKETING_VERSION = 4.3.0;
				OTHER_LDFLAGS = (
					"-framework",
					WebKit,
				);
				PRODUCT_BUNDLE_IDENTIFIER = "com.stefanvd.Turn-Off-the-Lights-for-Safari";
				PRODUCT_NAME = "Turn Off the Lights for Safari";
				SDKROOT = iphoneos;
				SWIFT_EMIT_LOC_STRINGS = YES;
				SWIFT_VERSION = 5.0;
				TARGETED_DEVICE_FAMILY = "1,2";
			};
			name = Debug;
		};
		1E70CA3C26726F380064A939 /* Release */ = {
			isa = XCBuildConfiguration;
			buildSettings = {
				ALWAYS_EMBED_SWIFT_STANDARD_LIBRARIES = YES;
				ASSETCATALOG_COMPILER_APPICON_NAME = AppIcon;
				ASSETCATALOG_COMPILER_GLOBAL_ACCENT_COLOR_NAME = AccentColor;
				CODE_SIGN_STYLE = Automatic;
				CURRENT_PROJECT_VERSION = 39;
				DEVELOPMENT_TEAM = PRR97757HF;
				GENERATE_INFOPLIST_FILE = YES;
				INFOPLIST_FILE = "iOS (App)/Info.plist";
				INFOPLIST_KEY_CFBundleDisplayName = "Turn Off the Lights";
				INFOPLIST_KEY_CFBundleExecutable = "Turn Off the Lights for Safari";
				INFOPLIST_KEY_CFBundleName = "Turn Off the Lights for Safari";
				INFOPLIST_KEY_CFBundleVersion = 38;
				INFOPLIST_KEY_UIApplicationSupportsIndirectInputEvents = YES;
				INFOPLIST_KEY_UILaunchStoryboardName = LaunchScreen;
				INFOPLIST_KEY_UIMainStoryboardFile = Main;
				INFOPLIST_KEY_UISupportedInterfaceOrientations = "UIInterfaceOrientationPortrait UIInterfaceOrientationPortraitUpsideDown UIInterfaceOrientationLandscapeLeft UIInterfaceOrientationLandscapeRight";
				INFOPLIST_KEY_UISupportedInterfaceOrientations_iPad = "UIInterfaceOrientationPortrait UIInterfaceOrientationPortraitUpsideDown UIInterfaceOrientationLandscapeLeft UIInterfaceOrientationLandscapeRight";
				IPHONEOS_DEPLOYMENT_TARGET = 15.0;
				LD_RUNPATH_SEARCH_PATHS = (
					"$(inherited)",
					"@executable_path/Frameworks",
				);
				MARKETING_VERSION = 4.3.0;
				OTHER_LDFLAGS = (
					"-framework",
					WebKit,
				);
				PRODUCT_BUNDLE_IDENTIFIER = "com.stefanvd.Turn-Off-the-Lights-for-Safari";
				PRODUCT_NAME = "Turn Off the Lights for Safari";
				SDKROOT = iphoneos;
				SWIFT_EMIT_LOC_STRINGS = YES;
				SWIFT_VERSION = 5.0;
				TARGETED_DEVICE_FAMILY = "1,2";
				VALIDATE_PRODUCT = YES;
			};
			name = Release;
		};
		1E70CA3E26726F380064A939 /* Debug */ = {
			isa = XCBuildConfiguration;
			buildSettings = {
				CODE_SIGN_STYLE = Automatic;
				CURRENT_PROJECT_VERSION = 39;
				DEVELOPMENT_TEAM = PRR97757HF;
				ENABLE_APP_SANDBOX = YES;
				ENABLE_HARDENED_RUNTIME = YES;
				ENABLE_USER_SELECTED_FILES = readonly;
				GENERATE_INFOPLIST_FILE = YES;
				INFOPLIST_FILE = "macOS (Extension)/Info.plist";
				INFOPLIST_KEY_CFBundleDisplayName = "Turn Off the Lights for Safari Extension";
				INFOPLIST_KEY_CFBundleExecutable = "Turn Off the Lights for Safari Extension";
				INFOPLIST_KEY_CFBundleName = "Turn Off the Lights for Safari Extension";
				INFOPLIST_KEY_CFBundleVersion = 38;
				INFOPLIST_KEY_NSHumanReadableCopyright = "";
				LD_RUNPATH_SEARCH_PATHS = (
					"$(inherited)",
					"@executable_path/../Frameworks",
					"@executable_path/../../../../Frameworks",
				);
				MACOSX_DEPLOYMENT_TARGET = 10.15;
				MARKETING_VERSION = 4.3.0;
				PRODUCT_BUNDLE_IDENTIFIER = "com.stefanvd.Turn-Off-the-Lights-for-Safari.Extension";
				PRODUCT_NAME = "Turn Off the Lights for Safari Extension";
				SDKROOT = macosx;
				SKIP_INSTALL = YES;
				SWIFT_EMIT_LOC_STRINGS = YES;
				SWIFT_VERSION = 5.0;
			};
			name = Debug;
		};
		1E70CA3F26726F380064A939 /* Release */ = {
			isa = XCBuildConfiguration;
			buildSettings = {
				CODE_SIGN_STYLE = Automatic;
				CURRENT_PROJECT_VERSION = 39;
				DEVELOPMENT_TEAM = PRR97757HF;
				ENABLE_APP_SANDBOX = YES;
				ENABLE_HARDENED_RUNTIME = YES;
				ENABLE_USER_SELECTED_FILES = readonly;
				GENERATE_INFOPLIST_FILE = YES;
				INFOPLIST_FILE = "macOS (Extension)/Info.plist";
				INFOPLIST_KEY_CFBundleDisplayName = "Turn Off the Lights for Safari Extension";
				INFOPLIST_KEY_CFBundleExecutable = "Turn Off the Lights for Safari Extension";
				INFOPLIST_KEY_CFBundleName = "Turn Off the Lights for Safari Extension";
				INFOPLIST_KEY_CFBundleVersion = 38;
				INFOPLIST_KEY_NSHumanReadableCopyright = "";
				LD_RUNPATH_SEARCH_PATHS = (
					"$(inherited)",
					"@executable_path/../Frameworks",
					"@executable_path/../../../../Frameworks",
				);
				MACOSX_DEPLOYMENT_TARGET = 10.15;
				MARKETING_VERSION = 4.3.0;
				PRODUCT_BUNDLE_IDENTIFIER = "com.stefanvd.Turn-Off-the-Lights-for-Safari.Extension";
				PRODUCT_NAME = "Turn Off the Lights for Safari Extension";
				SDKROOT = macosx;
				SKIP_INSTALL = YES;
				SWIFT_EMIT_LOC_STRINGS = YES;
				SWIFT_VERSION = 5.0;
			};
			name = Release;
		};
		1E70CA4226726F380064A939 /* Debug */ = {
			isa = XCBuildConfiguration;
			buildSettings = {
				ALWAYS_EMBED_SWIFT_STANDARD_LIBRARIES = YES;
				ASSETCATALOG_COMPILER_APPICON_NAME = AppIcon;
				ASSETCATALOG_COMPILER_GLOBAL_ACCENT_COLOR_NAME = AccentColor;
				CODE_SIGN_ENTITLEMENTS = "macOS (App)/Turn Off the Lights for Safari.entitlements";
				CODE_SIGN_STYLE = Automatic;
				CURRENT_PROJECT_VERSION = 39;
				DEVELOPMENT_TEAM = PRR97757HF;
				ENABLE_APP_SANDBOX = YES;
				ENABLE_HARDENED_RUNTIME = YES;
				ENABLE_USER_SELECTED_FILES = readonly;
				GENERATE_INFOPLIST_FILE = YES;
				INFOPLIST_FILE = "macOS (App)/Info.plist";
				INFOPLIST_KEY_CFBundleDisplayName = "Turn Off the Lights for Safari";
				INFOPLIST_KEY_CFBundleExecutable = "Turn Off the Lights for Safari";
				INFOPLIST_KEY_CFBundleName = "Turn Off the Lights for Safari";
				INFOPLIST_KEY_CFBundleVersion = 38;
				INFOPLIST_KEY_NSMainStoryboardFile = Main;
				INFOPLIST_KEY_NSPrincipalClass = NSApplication;
				LD_RUNPATH_SEARCH_PATHS = (
					"$(inherited)",
					"@executable_path/../Frameworks",
				);
				MACOSX_DEPLOYMENT_TARGET = 10.15;
				MARKETING_VERSION = 4.3.0;
				OTHER_LDFLAGS = (
					"-framework",
					WebKit,
				);
				PRODUCT_BUNDLE_IDENTIFIER = "com.stefanvd.Turn-Off-the-Lights-for-Safari";
				PRODUCT_NAME = "Turn Off the Lights for Safari";
				SDKROOT = macosx;
				SWIFT_EMIT_LOC_STRINGS = YES;
				SWIFT_VERSION = 5.0;
			};
			name = Debug;
		};
		1E70CA4326726F380064A939 /* Release */ = {
			isa = XCBuildConfiguration;
			buildSettings = {
				ALWAYS_EMBED_SWIFT_STANDARD_LIBRARIES = YES;
				ASSETCATALOG_COMPILER_APPICON_NAME = AppIcon;
				ASSETCATALOG_COMPILER_GLOBAL_ACCENT_COLOR_NAME = AccentColor;
				CODE_SIGN_ENTITLEMENTS = "macOS (App)/Turn Off the Lights for Safari.entitlements";
				CODE_SIGN_STYLE = Automatic;
				CURRENT_PROJECT_VERSION = 39;
				DEVELOPMENT_TEAM = PRR97757HF;
				ENABLE_APP_SANDBOX = YES;
				ENABLE_HARDENED_RUNTIME = YES;
				ENABLE_USER_SELECTED_FILES = readonly;
				GENERATE_INFOPLIST_FILE = YES;
				INFOPLIST_FILE = "macOS (App)/Info.plist";
				INFOPLIST_KEY_CFBundleDisplayName = "Turn Off the Lights for Safari";
				INFOPLIST_KEY_CFBundleExecutable = "Turn Off the Lights for Safari";
				INFOPLIST_KEY_CFBundleName = "Turn Off the Lights for Safari";
				INFOPLIST_KEY_CFBundleVersion = 38;
				INFOPLIST_KEY_NSMainStoryboardFile = Main;
				INFOPLIST_KEY_NSPrincipalClass = NSApplication;
				LD_RUNPATH_SEARCH_PATHS = (
					"$(inherited)",
					"@executable_path/../Frameworks",
				);
				MACOSX_DEPLOYMENT_TARGET = 10.15;
				MARKETING_VERSION = 4.3.0;
				OTHER_LDFLAGS = (
					"-framework",
					WebKit,
				);
				PRODUCT_BUNDLE_IDENTIFIER = "com.stefanvd.Turn-Off-the-Lights-for-Safari";
				PRODUCT_NAME = "Turn Off the Lights for Safari";
				SDKROOT = macosx;
				SWIFT_EMIT_LOC_STRINGS = YES;
				SWIFT_VERSION = 5.0;
			};
			name = Release;
		};
/* End XCBuildConfiguration section */

/* Begin XCConfigurationList section */
		1E4CB210268CC77900015282 /* Build configuration list for PBXNativeTarget "TOtL-iOS-UITest" */ = {
			isa = XCConfigurationList;
			buildConfigurations = (
				1E4CB211268CC77900015282 /* Debug */,
				1E4CB212268CC77900015282 /* Release */,
			);
			defaultConfigurationIsVisible = 0;
			defaultConfigurationName = Release;
		};
		1E4CB21D268CC79300015282 /* Build configuration list for PBXNativeTarget "TOtL-macOS-UITest" */ = {
			isa = XCConfigurationList;
			buildConfigurations = (
				1E4CB21E268CC79300015282 /* Debug */,
				1E4CB21F268CC79300015282 /* Release */,
			);
			defaultConfigurationIsVisible = 0;
			defaultConfigurationName = Release;
		};
		1E4CB22A268CDC2300015282 /* Build configuration list for PBXNativeTarget "TOtL-macOS-test" */ = {
			isa = XCConfigurationList;
			buildConfigurations = (
				1E4CB22B268CDC2300015282 /* Debug */,
				1E4CB22C268CDC2300015282 /* Release */,
			);
			defaultConfigurationIsVisible = 0;
			defaultConfigurationName = Release;
		};
		1E4CB237268CDC6D00015282 /* Build configuration list for PBXNativeTarget "TOtL-iOS-test" */ = {
			isa = XCConfigurationList;
			buildConfigurations = (
				1E4CB238268CDC6D00015282 /* Debug */,
				1E4CB239268CDC6D00015282 /* Release */,
			);
			defaultConfigurationIsVisible = 0;
			defaultConfigurationName = Release;
		};
		1E70C9E726726F350064A939 /* Build configuration list for PBXProject "Turn Off the Lights for Safari" */ = {
			isa = XCConfigurationList;
			buildConfigurations = (
				1E70CA3426726F380064A939 /* Debug */,
				1E70CA3526726F380064A939 /* Release */,
			);
			defaultConfigurationIsVisible = 0;
			defaultConfigurationName = Release;
		};
		1E70CA3626726F380064A939 /* Build configuration list for PBXNativeTarget "Turn Off the Lights for Safari Extension (iOS)" */ = {
			isa = XCConfigurationList;
			buildConfigurations = (
				1E70CA3726726F380064A939 /* Debug */,
				1E70CA3826726F380064A939 /* Release */,
			);
			defaultConfigurationIsVisible = 0;
			defaultConfigurationName = Release;
		};
		1E70CA3A26726F380064A939 /* Build configuration list for PBXNativeTarget "Turn Off the Lights for Safari (iOS)" */ = {
			isa = XCConfigurationList;
			buildConfigurations = (
				1E70CA3B26726F380064A939 /* Debug */,
				1E70CA3C26726F380064A939 /* Release */,
			);
			defaultConfigurationIsVisible = 0;
			defaultConfigurationName = Release;
		};
		1E70CA3D26726F380064A939 /* Build configuration list for PBXNativeTarget "Turn Off the Lights for Safari Extension (macOS)" */ = {
			isa = XCConfigurationList;
			buildConfigurations = (
				1E70CA3E26726F380064A939 /* Debug */,
				1E70CA3F26726F380064A939 /* Release */,
			);
			defaultConfigurationIsVisible = 0;
			defaultConfigurationName = Release;
		};
		1E70CA4126726F380064A939 /* Build configuration list for PBXNativeTarget "Turn Off the Lights for Safari (macOS)" */ = {
			isa = XCConfigurationList;
			buildConfigurations = (
				1E70CA4226726F380064A939 /* Debug */,
				1E70CA4326726F380064A939 /* Release */,
			);
			defaultConfigurationIsVisible = 0;
			defaultConfigurationName = Release;
		};
/* End XCConfigurationList section */
	};
	rootObject = 1E70C9E426726F350064A939 /* Project object */;
}
